
Microsoft Visual Studio Solution File, Format Version 12.00
# Visual Studio Version 16
VisualStudioVersion = 16.0.30621.155
MinimumVisualStudioVersion = 10.0.40219.1
Project("{9A19103F-16F7-4668-BE54-9A1E7A4F7556}") = "ServiceBusOutputFunction", "ServiceBusOutputFunction.csproj", "{9162F409-7B12-4B85-BC2F-C97CF8114CEF}"
EndProject
Global
	GlobalSection(SolutionConfigurationPlatforms) = preSolution
		Debug|Any CPU = Debug|Any CPU
		Release|Any CPU = Release|Any CPU
	EndGlobalSection
	GlobalSection(ProjectConfigurationPlatforms) = postSolution
		{9162F409-7B12-4B85-BC2F-C97CF8114CEF}.Debug|Any CPU.ActiveCfg = Debug|Any CPU
		{9162F409-7B12-4B85-BC2F-C97CF8114CEF}.Debug|Any CPU.Build.0 = Debug|Any CPU
		{9162F409-7B12-4B85-BC2F-C97CF8114CEF}.Release|Any CPU.ActiveCfg = Release|Any CPU
		{9162F409-7B12-4B85-BC2F-C97CF8114CEF}.Release|Any CPU.Build.0 = Release|Any CPU
	EndGlobalSection
	GlobalSection(SolutionProperties) = preSolution
		HideSolutionNode = FALSE
	EndGlobalSection
	GlobalSection(ExtensibilityGlobals) = postSolution
		SolutionGuid = {4C7CC7B9-741A-4B42-9AB2-FCFB1419A490}
	EndGlobalSection
EndGlobal
